
Microsoft Visual Studio Solution File, Format Version 12.00
# Visual Studio 15
VisualStudioVersion = 15.0.28307.136
MinimumVisualStudioVersion = 10.0.40219.1
Project("{FAE04EC0-301F-11D3-BF4B-00C04F79EFBC}") = "1.1.1_RECTANGLE", "1.1.1_RECTANGLE.csproj", "{2B4D3240-9070-42F4-83D0-56FFBB01CA1A}"
EndProject
Global
	GlobalSection(SolutionConfigurationPlatforms) = preSolution
		Debug|Any CPU = Debug|Any CPU
		Release|Any CPU = Release|Any CPU
	EndGlobalSection
	GlobalSection(ProjectConfigurationPlatforms) = postSolution
		{2B4D3240-9070-42F4-83D0-56FFBB01CA1A}.Debug|Any CPU.ActiveCfg = Debug|Any CPU
		{2B4D3240-9070-42F4-83D0-56FFBB01CA1A}.Debug|Any CPU.Build.0 = Debug|Any CPU
		{2B4D3240-9070-42F4-83D0-56FFBB01CA1A}.Release|Any CPU.ActiveCfg = Release|Any CPU
		{2B4D3240-9070-42F4-83D0-56FFBB01CA1A}.Release|Any CPU.Build.0 = Release|Any CPU
	EndGlobalSection
	GlobalSection(SolutionProperties) = preSolution
		HideSolutionNode = FALSE
	EndGlobalSection
	GlobalSection(ExtensibilityGlobals) = postSolution
		SolutionGuid = {B06DBF52-81E6-402C-9F29-D5148C2F6DCD}
	EndGlobalSection
EndGlobal
