
Microsoft Visual Studio Solution File, Format Version 12.00
# Visual Studio 15
VisualStudioVersion = 15.0.28307.136
MinimumVisualStudioVersion = 10.0.40219.1
Project("{FAE04EC0-301F-11D3-BF4B-00C04F79EFBC}") = "1.1.1_RECTANGLE", "1.1.1_RECTANGLE.csproj", "{043C33B0-CDD0-4968-918A-5A0455913C17}"
EndProject
Project("{FAE04EC0-301F-11D3-BF4B-00C04F79EFBC}") = "1.1.3_ANOTHER_TRIANGLE_", "1.1.3_ANOTHER_TRIANGLE_\1.1.3_ANOTHER_TRIANGLE_.csproj", "{FE6CD415-F3AB-4ACC-9AF3-E5B5131D454B}"
EndProject
Project("{FAE04EC0-301F-11D3-BF4B-00C04F79EFBC}") = "1.1.4_X-MAS TREE_", "1.1.4_X-MAS TREE_\1.1.4_X-MAS TREE_.csproj", "{C2A1435B-C5DA-46EC-8EE2-0F750CC4EA8C}"
EndProject
Project("{FAE04EC0-301F-11D3-BF4B-00C04F79EFBC}") = "1.1.5_SUM_OF_NUMBERS", "1.1.5_SUM_OF_NUMBERS\1.1.5_SUM_OF_NUMBERS.csproj", "{534C0A93-ED58-4FE9-BEC9-3C199DFE3261}"
EndProject
Project("{FAE04EC0-301F-11D3-BF4B-00C04F79EFBC}") = "1.1.6. FONT ADJUSTMENT", "1.1.6. FONT ADJUSTMENT\1.1.6. FONT ADJUSTMENT.csproj", "{E7AA62DE-E5E1-490C-9053-EAD0A45EA9FC}"
EndProject
Project("{FAE04EC0-301F-11D3-BF4B-00C04F79EFBC}") = "1.1.7_ARRAY_PROCESSING", "1.1.7_ARRAY_PROCESSING\1.1.7_ARRAY_PROCESSING.csproj", "{839ED469-C0F3-4FFC-A51B-BBACE016E0EA}"
EndProject
Project("{FAE04EC0-301F-11D3-BF4B-00C04F79EFBC}") = "1.1.8. NO POSITIVE", "1.1.8. NO POSITIVE\1.1.8. NO POSITIVE.csproj", "{536766D3-9785-4797-8533-435C0B5197C3}"
EndProject
Project("{FAE04EC0-301F-11D3-BF4B-00C04F79EFBC}") = "1.1.9. NON-NEGATIVE SUM", "1.1.9. NON-NEGATIVE SUM\1.1.9. NON-NEGATIVE SUM.csproj", "{5D42F7B0-4C3D-49BB-A27D-06CE622DB4C4}"
EndProject
Project("{FAE04EC0-301F-11D3-BF4B-00C04F79EFBC}") = "1.1.10. 2D ARRAY", "1.1.10. 2D ARRAY\1.1.10. 2D ARRAY.csproj", "{55FE3690-D24E-45FD-A205-BDDA54BD1AFB}"
EndProject
Project("{FAE04EC0-301F-11D3-BF4B-00C04F79EFBC}") = "1.2.1. AVERAGES", "1.2.1. AVERAGES\1.2.1. AVERAGES.csproj", "{3F1E6C03-485C-42A2-9F74-E58A03002D79}"
EndProject
Project("{FAE04EC0-301F-11D3-BF4B-00C04F79EFBC}") = "1.2.2. DOUBLER", "1.2.2. DOUBLER\1.2.2. DOUBLER.csproj", "{B18FA781-2C47-4D88-8CAC-542471846A13}"
EndProject
Project("{FAE04EC0-301F-11D3-BF4B-00C04F79EFBC}") = "1.2.3. LOWERCASE", "1.2.3. LOWERCASE\1.2.3. LOWERCASE.csproj", "{5CBF8D81-76B2-4C33-AB34-EB0667C95B8B}"
EndProject
Project("{FAE04EC0-301F-11D3-BF4B-00C04F79EFBC}") = "1.2.4. VALIDATOR", "1.2.4. VALIDATOR\1.2.4. VALIDATOR.csproj", "{6777E20F-61AD-46EF-B7EE-0EF056632A96}"
EndProject
Project("{FAE04EC0-301F-11D3-BF4B-00C04F79EFBC}") = "1.1.2_TRIANGLE_", "1.1.2_TRIANGLE_\1.1.2_TRIANGLE_.csproj", "{C19E261D-F054-4BC3-A70C-00AF41C54FF6}"
EndProject
Global
	GlobalSection(SolutionConfigurationPlatforms) = preSolution
		Debug|Any CPU = Debug|Any CPU
		Release|Any CPU = Release|Any CPU
	EndGlobalSection
	GlobalSection(ProjectConfigurationPlatforms) = postSolution
		{043C33B0-CDD0-4968-918A-5A0455913C17}.Debug|Any CPU.ActiveCfg = Debug|Any CPU
		{043C33B0-CDD0-4968-918A-5A0455913C17}.Debug|Any CPU.Build.0 = Debug|Any CPU
		{043C33B0-CDD0-4968-918A-5A0455913C17}.Release|Any CPU.ActiveCfg = Release|Any CPU
		{043C33B0-CDD0-4968-918A-5A0455913C17}.Release|Any CPU.Build.0 = Release|Any CPU
		{FE6CD415-F3AB-4ACC-9AF3-E5B5131D454B}.Debug|Any CPU.ActiveCfg = Debug|Any CPU
		{FE6CD415-F3AB-4ACC-9AF3-E5B5131D454B}.Debug|Any CPU.Build.0 = Debug|Any CPU
		{FE6CD415-F3AB-4ACC-9AF3-E5B5131D454B}.Release|Any CPU.ActiveCfg = Release|Any CPU
		{FE6CD415-F3AB-4ACC-9AF3-E5B5131D454B}.Release|Any CPU.Build.0 = Release|Any CPU
		{C2A1435B-C5DA-46EC-8EE2-0F750CC4EA8C}.Debug|Any CPU.ActiveCfg = Debug|Any CPU
		{C2A1435B-C5DA-46EC-8EE2-0F750CC4EA8C}.Debug|Any CPU.Build.0 = Debug|Any CPU
		{C2A1435B-C5DA-46EC-8EE2-0F750CC4EA8C}.Release|Any CPU.ActiveCfg = Release|Any CPU
		{C2A1435B-C5DA-46EC-8EE2-0F750CC4EA8C}.Release|Any CPU.Build.0 = Release|Any CPU
		{534C0A93-ED58-4FE9-BEC9-3C199DFE3261}.Debug|Any CPU.ActiveCfg = Debug|Any CPU
		{534C0A93-ED58-4FE9-BEC9-3C199DFE3261}.Debug|Any CPU.Build.0 = Debug|Any CPU
		{534C0A93-ED58-4FE9-BEC9-3C199DFE3261}.Release|Any CPU.ActiveCfg = Release|Any CPU
		{534C0A93-ED58-4FE9-BEC9-3C199DFE3261}.Release|Any CPU.Build.0 = Release|Any CPU
		{E7AA62DE-E5E1-490C-9053-EAD0A45EA9FC}.Debug|Any CPU.ActiveCfg = Debug|Any CPU
		{E7AA62DE-E5E1-490C-9053-EAD0A45EA9FC}.Debug|Any CPU.Build.0 = Debug|Any CPU
		{E7AA62DE-E5E1-490C-9053-EAD0A45EA9FC}.Release|Any CPU.ActiveCfg = Release|Any CPU
		{E7AA62DE-E5E1-490C-9053-EAD0A45EA9FC}.Release|Any CPU.Build.0 = Release|Any CPU
		{839ED469-C0F3-4FFC-A51B-BBACE016E0EA}.Debug|Any CPU.ActiveCfg = Debug|Any CPU
		{839ED469-C0F3-4FFC-A51B-BBACE016E0EA}.Debug|Any CPU.Build.0 = Debug|Any CPU
		{839ED469-C0F3-4FFC-A51B-BBACE016E0EA}.Release|Any CPU.ActiveCfg = Release|Any CPU
		{839ED469-C0F3-4FFC-A51B-BBACE016E0EA}.Release|Any CPU.Build.0 = Release|Any CPU
		{536766D3-9785-4797-8533-435C0B5197C3}.Debug|Any CPU.ActiveCfg = Debug|Any CPU
		{536766D3-9785-4797-8533-435C0B5197C3}.Debug|Any CPU.Build.0 = Debug|Any CPU
		{536766D3-9785-4797-8533-435C0B5197C3}.Release|Any CPU.ActiveCfg = Release|Any CPU
		{536766D3-9785-4797-8533-435C0B5197C3}.Release|Any CPU.Build.0 = Release|Any CPU
		{5D42F7B0-4C3D-49BB-A27D-06CE622DB4C4}.Debug|Any CPU.ActiveCfg = Debug|Any CPU
		{5D42F7B0-4C3D-49BB-A27D-06CE622DB4C4}.Debug|Any CPU.Build.0 = Debug|Any CPU
		{5D42F7B0-4C3D-49BB-A27D-06CE622DB4C4}.Release|Any CPU.ActiveCfg = Release|Any CPU
		{5D42F7B0-4C3D-49BB-A27D-06CE622DB4C4}.Release|Any CPU.Build.0 = Release|Any CPU
		{55FE3690-D24E-45FD-A205-BDDA54BD1AFB}.Debug|Any CPU.ActiveCfg = Debug|Any CPU
		{55FE3690-D24E-45FD-A205-BDDA54BD1AFB}.Debug|Any CPU.Build.0 = Debug|Any CPU
		{55FE3690-D24E-45FD-A205-BDDA54BD1AFB}.Release|Any CPU.ActiveCfg = Release|Any CPU
		{55FE3690-D24E-45FD-A205-BDDA54BD1AFB}.Release|Any CPU.Build.0 = Release|Any CPU
		{3F1E6C03-485C-42A2-9F74-E58A03002D79}.Debug|Any CPU.ActiveCfg = Debug|Any CPU
		{3F1E6C03-485C-42A2-9F74-E58A03002D79}.Debug|Any CPU.Build.0 = Debug|Any CPU
		{3F1E6C03-485C-42A2-9F74-E58A03002D79}.Release|Any CPU.ActiveCfg = Release|Any CPU
		{3F1E6C03-485C-42A2-9F74-E58A03002D79}.Release|Any CPU.Build.0 = Release|Any CPU
		{B18FA781-2C47-4D88-8CAC-542471846A13}.Debug|Any CPU.ActiveCfg = Debug|Any CPU
		{B18FA781-2C47-4D88-8CAC-542471846A13}.Debug|Any CPU.Build.0 = Debug|Any CPU
		{B18FA781-2C47-4D88-8CAC-542471846A13}.Release|Any CPU.ActiveCfg = Release|Any CPU
		{B18FA781-2C47-4D88-8CAC-542471846A13}.Release|Any CPU.Build.0 = Release|Any CPU
		{5CBF8D81-76B2-4C33-AB34-EB0667C95B8B}.Debug|Any CPU.ActiveCfg = Debug|Any CPU
		{5CBF8D81-76B2-4C33-AB34-EB0667C95B8B}.Debug|Any CPU.Build.0 = Debug|Any CPU
		{5CBF8D81-76B2-4C33-AB34-EB0667C95B8B}.Release|Any CPU.ActiveCfg = Release|Any CPU
		{5CBF8D81-76B2-4C33-AB34-EB0667C95B8B}.Release|Any CPU.Build.0 = Release|Any CPU
		{6777E20F-61AD-46EF-B7EE-0EF056632A96}.Debug|Any CPU.ActiveCfg = Debug|Any CPU
		{6777E20F-61AD-46EF-B7EE-0EF056632A96}.Debug|Any CPU.Build.0 = Debug|Any CPU
		{6777E20F-61AD-46EF-B7EE-0EF056632A96}.Release|Any CPU.ActiveCfg = Release|Any CPU
		{6777E20F-61AD-46EF-B7EE-0EF056632A96}.Release|Any CPU.Build.0 = Release|Any CPU
		{C19E261D-F054-4BC3-A70C-00AF41C54FF6}.Debug|Any CPU.ActiveCfg = Debug|Any CPU
		{C19E261D-F054-4BC3-A70C-00AF41C54FF6}.Debug|Any CPU.Build.0 = Debug|Any CPU
		{C19E261D-F054-4BC3-A70C-00AF41C54FF6}.Release|Any CPU.ActiveCfg = Release|Any CPU
		{C19E261D-F054-4BC3-A70C-00AF41C54FF6}.Release|Any CPU.Build.0 = Release|Any CPU
	EndGlobalSection
	GlobalSection(SolutionProperties) = preSolution
		HideSolutionNode = FALSE
	EndGlobalSection
	GlobalSection(ExtensibilityGlobals) = postSolution
		SolutionGuid = {D253CA28-C888-4272-A364-097B9C384B2B}
	EndGlobalSection
EndGlobal
